speakeasyVersion: 1.787.0
sources:
    OpenRouter API:
        sourceNamespace: open-router-chat-completions-api
        sourceRevisionDigest: sha256:14abfaadb08257a92d9cfe33633234d01f5e9f9a1c8681c34242318bdbda50ea
        sourceBlobDigest: sha256:7181135420cfa487063838c9523cedafefabd5b1510f5303a4bbceeaa3ca9566
        tags:
            - latest
            - 1.0.0
targets:
    openrouter:
        source: OpenRouter API
        sourceNamespace: open-router-chat-completions-api
        sourceRevisionDigest: sha256:14abfaadb08257a92d9cfe33633234d01f5e9f9a1c8681c34242318bdbda50ea
        sourceBlobDigest: sha256:7181135420cfa487063838c9523cedafefabd5b1510f5303a4bbceeaa3ca9566
        codeSamplesNamespace: open-router-chat-completions-api-go-code-samples
        codeSamplesRevisionDigest: sha256:6395c458156dd8570799c360a7bffb60c34446e84eaaddc8aa7b1efac81aa227
workflow:
    workflowVersion: 1.0.0
    speakeasyVersion: 1.787.0
    sources:
        OpenRouter API:
            inputs:
                - location: .speakeasy/in.openapi.yaml
            overlays:
                - location: .speakeasy/overlays/open-enums.overlay.yaml
                - location: .speakeasy/overlays/remove-rss-responses.overlay.yaml
                - location: .speakeasy/overlays/add-headers.overlay.yaml
                - location: .speakeasy/overlays/allof-simplify.overlay.yaml
                - location: .speakeasy/overlays/boolean-query-params.overlay.yaml
            output: .speakeasy/out.openapi.yaml
            registry:
                location: registry.speakeasyapi.dev/openrouter/sdk/open-router-chat-completions-api
    targets:
        openrouter:
            target: go
            source: OpenRouter API
            codeSamples:
                registry:
                    location: registry.speakeasyapi.dev/openrouter/sdk/open-router-chat-completions-api-go-code-samples
                labelOverride:
                    fixedValue: Go (SDK)
                blocking: false
