speakeasyVersion: 1.787.0
sources:
    OpenRouter API:
        sourceNamespace: open-router-chat-completions-api
        sourceRevisionDigest: sha256:02fffcee10ba77df7a5593e9c694326e42dbfb832cda7dff4e6dc9330f6d8bd2
        sourceBlobDigest: sha256:3366f7b60d8d350ac8066a0a394805288f40223fb6a1d57589ce3bd91ade71fe
        tags:
            - latest
            - 1.0.0
targets:
    openrouter:
        source: OpenRouter API
        sourceNamespace: open-router-chat-completions-api
        sourceRevisionDigest: sha256:02fffcee10ba77df7a5593e9c694326e42dbfb832cda7dff4e6dc9330f6d8bd2
        sourceBlobDigest: sha256:3366f7b60d8d350ac8066a0a394805288f40223fb6a1d57589ce3bd91ade71fe
        codeSamplesNamespace: open-router-chat-completions-api-go-code-samples
        codeSamplesRevisionDigest: sha256:09d4b8771f845a1bed20e804187195dbd578648cc4aa3c9b4d5df374735ed905
workflow:
    workflowVersion: 1.0.0
    speakeasyVersion: 1.787.0
    sources:
        OpenRouter API:
            inputs:
                - location: .speakeasy/in.openapi.yaml
            overlays:
                - location: .speakeasy/overlays/open-enums.overlay.yaml
                - location: .speakeasy/overlays/remove-rss-responses.overlay.yaml
                - location: .speakeasy/overlays/add-headers.overlay.yaml
                - location: .speakeasy/overlays/allof-simplify.overlay.yaml
                - location: .speakeasy/overlays/boolean-query-params.overlay.yaml
                - location: .speakeasy/overlays/deprecated-beta-responses-alias.overlay.yaml
            output: .speakeasy/out.openapi.yaml
            registry:
                location: registry.speakeasyapi.dev/openrouter/sdk/open-router-chat-completions-api
    targets:
        openrouter:
            target: go
            source: OpenRouter API
            codeSamples:
                registry:
                    location: registry.speakeasyapi.dev/openrouter/sdk/open-router-chat-completions-api-go-code-samples
                labelOverride:
                    fixedValue: Go (SDK)
                blocking: false
