speakeasyVersion: 1.787.0
sources:
    OpenRouter API:
        sourceNamespace: open-router-chat-completions-api
        sourceRevisionDigest: sha256:f31fc4b964e234219d0f64ffdfaa45e4df197d6e1dca225373888b0e221feb41
        sourceBlobDigest: sha256:7acebee7ac74b9c3600c4239ffbf02cddc0c20eda7dbdcbe941159eea79a7a55
        tags:
            - latest
            - 1.0.0
targets:
    openrouter:
        source: OpenRouter API
        sourceNamespace: open-router-chat-completions-api
        sourceRevisionDigest: sha256:f31fc4b964e234219d0f64ffdfaa45e4df197d6e1dca225373888b0e221feb41
        sourceBlobDigest: sha256:7acebee7ac74b9c3600c4239ffbf02cddc0c20eda7dbdcbe941159eea79a7a55
        codeSamplesNamespace: open-router-chat-completions-api-go-code-samples
        codeSamplesRevisionDigest: sha256:3ab470625636c83daa81a684b317d52d543b9b7d1cf7eca7b576b9a63ec51890
workflow:
    workflowVersion: 1.0.0
    speakeasyVersion: 1.787.0
    sources:
        OpenRouter API:
            inputs:
                - location: .speakeasy/in.openapi.yaml
            overlays:
                - location: .speakeasy/overlays/open-enums.overlay.yaml
                - location: .speakeasy/overlays/remove-rss-responses.overlay.yaml
                - location: .speakeasy/overlays/add-headers.overlay.yaml
                - location: .speakeasy/overlays/allof-simplify.overlay.yaml
                - location: .speakeasy/overlays/boolean-query-params.overlay.yaml
                - location: .speakeasy/overlays/deprecated-beta-responses-alias.overlay.yaml
            output: .speakeasy/out.openapi.yaml
            registry:
                location: registry.speakeasyapi.dev/openrouter/sdk/open-router-chat-completions-api
    targets:
        openrouter:
            target: go
            source: OpenRouter API
            codeSamples:
                registry:
                    location: registry.speakeasyapi.dev/openrouter/sdk/open-router-chat-completions-api-go-code-samples
                labelOverride:
                    fixedValue: Go (SDK)
                blocking: false
